
Microsoft Visual Studio Solution File, Format Version 12.00
# Visual Studio 15
VisualStudioVersion = 15.0.26124.0
MinimumVisualStudioVersion = 15.0.26124.0
Project("{2150E333-8FDC-42A3-9474-1A3956D46DE8}") = "src", "src", "{3932CF5E-F40E-466B-9799-B2E7DBBB546A}"
EndProject
Project("{FAE04EC0-301F-11D3-BF4B-00C04F79EFBC}") = "SharpEvents", "src\SharpEvents\SharpEvents.csproj", "{CFDEFEAB-EE7D-426E-934A-85CD2B6821D2}"
EndProject
Project("{2150E333-8FDC-42A3-9474-1A3956D46DE8}") = "build", "build", "{FC50C4F7-CBF8-4C64-944B-19360AA4436D}"
EndProject
Project("{FAE04EC0-301F-11D3-BF4B-00C04F79EFBC}") = "Build", "build\scripts\Build.csproj", "{A787D22D-39A2-47F7-820B-A8A64311B134}"
EndProject
Global
	GlobalSection(SolutionConfigurationPlatforms) = preSolution
		Debug|Any CPU = Debug|Any CPU
		Debug|x64 = Debug|x64
		Debug|x86 = Debug|x86
		Release|Any CPU = Release|Any CPU
		Release|x64 = Release|x64
		Release|x86 = Release|x86
	EndGlobalSection
	GlobalSection(SolutionProperties) = preSolution
		HideSolutionNode = FALSE
	EndGlobalSection
	GlobalSection(ProjectConfigurationPlatforms) = postSolution
		{CFDEFEAB-EE7D-426E-934A-85CD2B6821D2}.Debug|Any CPU.ActiveCfg = Debug|Any CPU
		{CFDEFEAB-EE7D-426E-934A-85CD2B6821D2}.Debug|Any CPU.Build.0 = Debug|Any CPU
		{CFDEFEAB-EE7D-426E-934A-85CD2B6821D2}.Debug|x64.ActiveCfg = Debug|Any CPU
		{CFDEFEAB-EE7D-426E-934A-85CD2B6821D2}.Debug|x64.Build.0 = Debug|Any CPU
		{CFDEFEAB-EE7D-426E-934A-85CD2B6821D2}.Debug|x86.ActiveCfg = Debug|Any CPU
		{CFDEFEAB-EE7D-426E-934A-85CD2B6821D2}.Debug|x86.Build.0 = Debug|Any CPU
		{CFDEFEAB-EE7D-426E-934A-85CD2B6821D2}.Release|Any CPU.ActiveCfg = Release|Any CPU
		{CFDEFEAB-EE7D-426E-934A-85CD2B6821D2}.Release|Any CPU.Build.0 = Release|Any CPU
		{CFDEFEAB-EE7D-426E-934A-85CD2B6821D2}.Release|x64.ActiveCfg = Release|Any CPU
		{CFDEFEAB-EE7D-426E-934A-85CD2B6821D2}.Release|x64.Build.0 = Release|Any CPU
		{CFDEFEAB-EE7D-426E-934A-85CD2B6821D2}.Release|x86.ActiveCfg = Release|Any CPU
		{CFDEFEAB-EE7D-426E-934A-85CD2B6821D2}.Release|x86.Build.0 = Release|Any CPU
		{A787D22D-39A2-47F7-820B-A8A64311B134}.Debug|Any CPU.ActiveCfg = Debug|Any CPU
		{A787D22D-39A2-47F7-820B-A8A64311B134}.Debug|Any CPU.Build.0 = Debug|Any CPU
		{A787D22D-39A2-47F7-820B-A8A64311B134}.Debug|x64.ActiveCfg = Debug|Any CPU
		{A787D22D-39A2-47F7-820B-A8A64311B134}.Debug|x64.Build.0 = Debug|Any CPU
		{A787D22D-39A2-47F7-820B-A8A64311B134}.Debug|x86.ActiveCfg = Debug|Any CPU
		{A787D22D-39A2-47F7-820B-A8A64311B134}.Debug|x86.Build.0 = Debug|Any CPU
		{A787D22D-39A2-47F7-820B-A8A64311B134}.Release|Any CPU.ActiveCfg = Release|Any CPU
		{A787D22D-39A2-47F7-820B-A8A64311B134}.Release|Any CPU.Build.0 = Release|Any CPU
		{A787D22D-39A2-47F7-820B-A8A64311B134}.Release|x64.ActiveCfg = Release|Any CPU
		{A787D22D-39A2-47F7-820B-A8A64311B134}.Release|x64.Build.0 = Release|Any CPU
		{A787D22D-39A2-47F7-820B-A8A64311B134}.Release|x86.ActiveCfg = Release|Any CPU
		{A787D22D-39A2-47F7-820B-A8A64311B134}.Release|x86.Build.0 = Release|Any CPU
	EndGlobalSection
	GlobalSection(NestedProjects) = preSolution
		{CFDEFEAB-EE7D-426E-934A-85CD2B6821D2} = {3932CF5E-F40E-466B-9799-B2E7DBBB546A}
		{A787D22D-39A2-47F7-820B-A8A64311B134} = {FC50C4F7-CBF8-4C64-944B-19360AA4436D}
	EndGlobalSection
EndGlobal
